
Microsoft Visual Studio Solution File, Format Version 12.00
# Visual Studio Version 16
VisualStudioVersion = 16.0.32901.82
MinimumVisualStudioVersion = 10.0.40219.1
Project("{FAE04EC0-301F-11D3-BF4B-00C04F79EFBC}") = "NSUNS4_ModManager", "NSUNS4_ModManager.csproj", "{2F66FC7D-7879-49B9-B23A-9F4D87E3E3F6}"
EndProject
Global
	GlobalSection(SolutionConfigurationPlatforms) = preSolution
		Debug|Any CPU = Debug|Any CPU
		Release|Any CPU = Release|Any CPU
	EndGlobalSection
	GlobalSection(ProjectConfigurationPlatforms) = postSolution
		{2F66FC7D-7879-49B9-B23A-9F4D87E3E3F6}.Debug|Any CPU.ActiveCfg = Debug|Any CPU
		{2F66FC7D-7879-49B9-B23A-9F4D87E3E3F6}.Debug|Any CPU.Build.0 = Debug|Any CPU
		{2F66FC7D-7879-49B9-B23A-9F4D87E3E3F6}.Release|Any CPU.ActiveCfg = Release|Any CPU
		{2F66FC7D-7879-49B9-B23A-9F4D87E3E3F6}.Release|Any CPU.Build.0 = Release|Any CPU
	EndGlobalSection
	GlobalSection(SolutionProperties) = preSolution
		HideSolutionNode = FALSE
	EndGlobalSection
	GlobalSection(ExtensibilityGlobals) = postSolution
		SolutionGuid = {A7679AC1-2D65-449E-885E-1ED598E4BA52}
	EndGlobalSection
EndGlobal
